
Microsoft Visual Studio Solution File, Format Version 12.00
# Visual Studio Version 17
VisualStudioVersion = 17.4.33205.214
MinimumVisualStudioVersion = 10.0.40219.1
Project("{9A19103F-16F7-4668-BE54-9A1E7A4F7556}") = "OnlineChessServer", "OnlineChessServer\OnlineChessServer.csproj", "{8AE410E5-D818-4BF6-BA32-F1165EDD5DEF}"
EndProject
Project("{9A19103F-16F7-4668-BE54-9A1E7A4F7556}") = "BlackBishopMover", "BlackBishopMover\BlackBishopMover.csproj", "{F937D472-B867-476F-A888-E90538FCA63F}"
EndProject
Project("{9A19103F-16F7-4668-BE54-9A1E7A4F7556}") = "OnlineChessLibrary", "OnlineChessLibrary\OnlineChessLibrary.csproj", "{71051C66-93AC-4CC8-93A5-BCFD24770880}"
EndProject
Project("{FAE04EC0-301F-11D3-BF4B-00C04F79EFBC}") = "WhiteBishopMover", "WhiteBishopMover\WhiteBishopMover.csproj", "{63D402FF-6C60-4697-AF71-46EAFB720BFC}"
EndProject
Global
	GlobalSection(SolutionConfigurationPlatforms) = preSolution
		Debug|Any CPU = Debug|Any CPU
		Release|Any CPU = Release|Any CPU
	EndGlobalSection
	GlobalSection(ProjectConfigurationPlatforms) = postSolution
		{8AE410E5-D818-4BF6-BA32-F1165EDD5DEF}.Debug|Any CPU.ActiveCfg = Debug|Any CPU
		{8AE410E5-D818-4BF6-BA32-F1165EDD5DEF}.Debug|Any CPU.Build.0 = Debug|Any CPU
		{8AE410E5-D818-4BF6-BA32-F1165EDD5DEF}.Release|Any CPU.ActiveCfg = Release|Any CPU
		{8AE410E5-D818-4BF6-BA32-F1165EDD5DEF}.Release|Any CPU.Build.0 = Release|Any CPU
		{F937D472-B867-476F-A888-E90538FCA63F}.Debug|Any CPU.ActiveCfg = Debug|Any CPU
		{F937D472-B867-476F-A888-E90538FCA63F}.Debug|Any CPU.Build.0 = Debug|Any CPU
		{F937D472-B867-476F-A888-E90538FCA63F}.Release|Any CPU.ActiveCfg = Release|Any CPU
		{F937D472-B867-476F-A888-E90538FCA63F}.Release|Any CPU.Build.0 = Release|Any CPU
		{71051C66-93AC-4CC8-93A5-BCFD24770880}.Debug|Any CPU.ActiveCfg = Debug|Any CPU
		{71051C66-93AC-4CC8-93A5-BCFD24770880}.Debug|Any CPU.Build.0 = Debug|Any CPU
		{71051C66-93AC-4CC8-93A5-BCFD24770880}.Release|Any CPU.ActiveCfg = Release|Any CPU
		{71051C66-93AC-4CC8-93A5-BCFD24770880}.Release|Any CPU.Build.0 = Release|Any CPU
		{63D402FF-6C60-4697-AF71-46EAFB720BFC}.Debug|Any CPU.ActiveCfg = Debug|Any CPU
		{63D402FF-6C60-4697-AF71-46EAFB720BFC}.Debug|Any CPU.Build.0 = Debug|Any CPU
		{63D402FF-6C60-4697-AF71-46EAFB720BFC}.Release|Any CPU.ActiveCfg = Release|Any CPU
		{63D402FF-6C60-4697-AF71-46EAFB720BFC}.Release|Any CPU.Build.0 = Release|Any CPU
	EndGlobalSection
	GlobalSection(SolutionProperties) = preSolution
		HideSolutionNode = FALSE
	EndGlobalSection
	GlobalSection(ExtensibilityGlobals) = postSolution
		SolutionGuid = {E150A626-EF38-4A63-8BE9-4DDC388E65C7}
	EndGlobalSection
EndGlobal
